
Microsoft Visual Studio Solution File, Format Version 12.00
# Visual Studio Version 17
VisualStudioVersion = 17.14.36414.22 d17.14
MinimumVisualStudioVersion = 10.0.40219.1
Project("{FAE04EC0-301F-11D3-BF4B-00C04F79EFBC}") = "last_test_server", "last_test_server\last_test_server.csproj", "{DDED4D87-2319-4206-8750-38028821CF73}"
EndProject
Global
	GlobalSection(SolutionConfigurationPlatforms) = preSolution
		Debug|Any CPU = Debug|Any CPU
		Release|Any CPU = Release|Any CPU
	EndGlobalSection
	GlobalSection(ProjectConfigurationPlatforms) = postSolution
		{DDED4D87-2319-4206-8750-38028821CF73}.Debug|Any CPU.ActiveCfg = Debug|Any CPU
		{DDED4D87-2319-4206-8750-38028821CF73}.Debug|Any CPU.Build.0 = Debug|Any CPU
		{DDED4D87-2319-4206-8750-38028821CF73}.Release|Any CPU.ActiveCfg = Release|Any CPU
		{DDED4D87-2319-4206-8750-38028821CF73}.Release|Any CPU.Build.0 = Release|Any CPU
	EndGlobalSection
	GlobalSection(SolutionProperties) = preSolution
		HideSolutionNode = FALSE
	EndGlobalSection
	GlobalSection(ExtensibilityGlobals) = postSolution
		SolutionGuid = {B12A1C5B-AAB4-49AE-B692-CA6B078829B8}
	EndGlobalSection
EndGlobal
